
Microsoft Visual Studio Solution File, Format Version 12.00
# Visual Studio Version 17
VisualStudioVersion = 17.9.34714.143
MinimumVisualStudioVersion = 10.0.40219.1
Project("{9A19103F-16F7-4668-BE54-9A1E7A4F7556}") = "Sporty", "Sporty\Sporty.csproj", "{745ED0AE-F3F4-474A-B376-19E24EC7E106}"
EndProject
Project("{9A19103F-16F7-4668-BE54-9A1E7A4F7556}") = "SportyTest", "SportyTest\SportyTest.csproj", "{97ADBFC1-59F1-4519-B443-98F90D24A15A}"
EndProject
Project("{9A19103F-16F7-4668-BE54-9A1E7A4F7556}") = "SportyNUnitTest", "SportyNUnitTest\SportyNUnitTest.csproj", "{F3B836EC-609F-4CF4-815C-66A2B13B0128}"
EndProject
Project("{9A19103F-16F7-4668-BE54-9A1E7A4F7556}") = "SportyXUnitTest", "SportyXUnitTest\SportyXUnitTest.csproj", "{2D22B33C-D609-4BF8-984B-25E42EC0EDE5}"
EndProject
Project("{2150E333-8FDC-42A3-9474-1A3956D46DE8}") = "BasicFoundation", "BasicFoundation", "{4E8716BB-7F47-47E8-89CA-6F36D4BF1B8E}"
EndProject
Project("{2150E333-8FDC-42A3-9474-1A3956D46DE8}") = "Bongo", "Bongo", "{410A4F01-7075-455F-A19A-E9AA04A6A5DE}"
EndProject
Project("{9A19103F-16F7-4668-BE54-9A1E7A4F7556}") = "Bongo.Core", "Bongo_InitialSetup (.NET 6)\Bongo.Core\Bongo.Core.csproj", "{A564E589-63F4-4EE3-84F4-8CBB06D8AF1E}"
EndProject
Project("{9A19103F-16F7-4668-BE54-9A1E7A4F7556}") = "Bongo.DataAccess", "Bongo_InitialSetup (.NET 6)\Bongo.DataAccess\Bongo.DataAccess.csproj", "{4485E3CA-9D66-402D-9939-2B82243EA260}"
EndProject
Project("{9A19103F-16F7-4668-BE54-9A1E7A4F7556}") = "Bongo.Models", "Bongo_InitialSetup (.NET 6)\Bongo.Models\Bongo.Models.csproj", "{8C397026-E05F-416C-B653-0CEA114309E8}"
EndProject
Project("{9A19103F-16F7-4668-BE54-9A1E7A4F7556}") = "Bongo.Web", "Bongo_InitialSetup (.NET 6)\Bongo.Web\Bongo.Web.csproj", "{02D63654-81F7-4FFD-8F61-8DAEB192DB08}"
EndProject
Project("{9A19103F-16F7-4668-BE54-9A1E7A4F7556}") = "Bong.Model.Test", "Bong.Model.Test\Bong.Model.Test.csproj", "{6BB3EE4A-5A7A-44D6-9E38-66BAB7207E9A}"
EndProject
Project("{FAE04EC0-301F-11D3-BF4B-00C04F79EFBC}") = "Bongo.DataAccess.Test", "Bongo.DataAccess.Test\Bongo.DataAccess.Test.csproj", "{5FB36957-EC7F-4B63-AF41-692596CC6F37}"
EndProject
Global
	GlobalSection(SolutionConfigurationPlatforms) = preSolution
		Debug|Any CPU = Debug|Any CPU
		Release|Any CPU = Release|Any CPU
	EndGlobalSection
	GlobalSection(ProjectConfigurationPlatforms) = postSolution
		{745ED0AE-F3F4-474A-B376-19E24EC7E106}.Debug|Any CPU.ActiveCfg = Debug|Any CPU
		{745ED0AE-F3F4-474A-B376-19E24EC7E106}.Debug|Any CPU.Build.0 = Debug|Any CPU
		{745ED0AE-F3F4-474A-B376-19E24EC7E106}.Release|Any CPU.ActiveCfg = Release|Any CPU
		{745ED0AE-F3F4-474A-B376-19E24EC7E106}.Release|Any CPU.Build.0 = Release|Any CPU
		{97ADBFC1-59F1-4519-B443-98F90D24A15A}.Debug|Any CPU.ActiveCfg = Debug|Any CPU
		{97ADBFC1-59F1-4519-B443-98F90D24A15A}.Debug|Any CPU.Build.0 = Debug|Any CPU
		{97ADBFC1-59F1-4519-B443-98F90D24A15A}.Release|Any CPU.ActiveCfg = Release|Any CPU
		{97ADBFC1-59F1-4519-B443-98F90D24A15A}.Release|Any CPU.Build.0 = Release|Any CPU
		{F3B836EC-609F-4CF4-815C-66A2B13B0128}.Debug|Any CPU.ActiveCfg = Debug|Any CPU
		{F3B836EC-609F-4CF4-815C-66A2B13B0128}.Debug|Any CPU.Build.0 = Debug|Any CPU
		{F3B836EC-609F-4CF4-815C-66A2B13B0128}.Release|Any CPU.ActiveCfg = Release|Any CPU
		{F3B836EC-609F-4CF4-815C-66A2B13B0128}.Release|Any CPU.Build.0 = Release|Any CPU
		{2D22B33C-D609-4BF8-984B-25E42EC0EDE5}.Debug|Any CPU.ActiveCfg = Debug|Any CPU
		{2D22B33C-D609-4BF8-984B-25E42EC0EDE5}.Debug|Any CPU.Build.0 = Debug|Any CPU
		{2D22B33C-D609-4BF8-984B-25E42EC0EDE5}.Release|Any CPU.ActiveCfg = Release|Any CPU
		{2D22B33C-D609-4BF8-984B-25E42EC0EDE5}.Release|Any CPU.Build.0 = Release|Any CPU
		{A564E589-63F4-4EE3-84F4-8CBB06D8AF1E}.Debug|Any CPU.ActiveCfg = Debug|Any CPU
		{A564E589-63F4-4EE3-84F4-8CBB06D8AF1E}.Debug|Any CPU.Build.0 = Debug|Any CPU
		{A564E589-63F4-4EE3-84F4-8CBB06D8AF1E}.Release|Any CPU.ActiveCfg = Release|Any CPU
		{A564E589-63F4-4EE3-84F4-8CBB06D8AF1E}.Release|Any CPU.Build.0 = Release|Any CPU
		{4485E3CA-9D66-402D-9939-2B82243EA260}.Debug|Any CPU.ActiveCfg = Debug|Any CPU
		{4485E3CA-9D66-402D-9939-2B82243EA260}.Debug|Any CPU.Build.0 = Debug|Any CPU
		{4485E3CA-9D66-402D-9939-2B82243EA260}.Release|Any CPU.ActiveCfg = Release|Any CPU
		{4485E3CA-9D66-402D-9939-2B82243EA260}.Release|Any CPU.Build.0 = Release|Any CPU
		{8C397026-E05F-416C-B653-0CEA114309E8}.Debug|Any CPU.ActiveCfg = Debug|Any CPU
		{8C397026-E05F-416C-B653-0CEA114309E8}.Debug|Any CPU.Build.0 = Debug|Any CPU
		{8C397026-E05F-416C-B653-0CEA114309E8}.Release|Any CPU.ActiveCfg = Release|Any CPU
		{8C397026-E05F-416C-B653-0CEA114309E8}.Release|Any CPU.Build.0 = Release|Any CPU
		{02D63654-81F7-4FFD-8F61-8DAEB192DB08}.Debug|Any CPU.ActiveCfg = Debug|Any CPU
		{02D63654-81F7-4FFD-8F61-8DAEB192DB08}.Debug|Any CPU.Build.0 = Debug|Any CPU
		{02D63654-81F7-4FFD-8F61-8DAEB192DB08}.Release|Any CPU.ActiveCfg = Release|Any CPU
		{02D63654-81F7-4FFD-8F61-8DAEB192DB08}.Release|Any CPU.Build.0 = Release|Any CPU
		{6BB3EE4A-5A7A-44D6-9E38-66BAB7207E9A}.Debug|Any CPU.ActiveCfg = Debug|Any CPU
		{6BB3EE4A-5A7A-44D6-9E38-66BAB7207E9A}.Debug|Any CPU.Build.0 = Debug|Any CPU
		{6BB3EE4A-5A7A-44D6-9E38-66BAB7207E9A}.Release|Any CPU.ActiveCfg = Release|Any CPU
		{6BB3EE4A-5A7A-44D6-9E38-66BAB7207E9A}.Release|Any CPU.Build.0 = Release|Any CPU
		{5FB36957-EC7F-4B63-AF41-692596CC6F37}.Debug|Any CPU.ActiveCfg = Debug|Any CPU
		{5FB36957-EC7F-4B63-AF41-692596CC6F37}.Debug|Any CPU.Build.0 = Debug|Any CPU
		{5FB36957-EC7F-4B63-AF41-692596CC6F37}.Release|Any CPU.ActiveCfg = Release|Any CPU
		{5FB36957-EC7F-4B63-AF41-692596CC6F37}.Release|Any CPU.Build.0 = Release|Any CPU
	EndGlobalSection
	GlobalSection(SolutionProperties) = preSolution
		HideSolutionNode = FALSE
	EndGlobalSection
	GlobalSection(NestedProjects) = preSolution
		{745ED0AE-F3F4-474A-B376-19E24EC7E106} = {4E8716BB-7F47-47E8-89CA-6F36D4BF1B8E}
		{97ADBFC1-59F1-4519-B443-98F90D24A15A} = {4E8716BB-7F47-47E8-89CA-6F36D4BF1B8E}
		{F3B836EC-609F-4CF4-815C-66A2B13B0128} = {4E8716BB-7F47-47E8-89CA-6F36D4BF1B8E}
		{2D22B33C-D609-4BF8-984B-25E42EC0EDE5} = {4E8716BB-7F47-47E8-89CA-6F36D4BF1B8E}
		{A564E589-63F4-4EE3-84F4-8CBB06D8AF1E} = {410A4F01-7075-455F-A19A-E9AA04A6A5DE}
		{4485E3CA-9D66-402D-9939-2B82243EA260} = {410A4F01-7075-455F-A19A-E9AA04A6A5DE}
		{8C397026-E05F-416C-B653-0CEA114309E8} = {410A4F01-7075-455F-A19A-E9AA04A6A5DE}
		{02D63654-81F7-4FFD-8F61-8DAEB192DB08} = {410A4F01-7075-455F-A19A-E9AA04A6A5DE}
		{6BB3EE4A-5A7A-44D6-9E38-66BAB7207E9A} = {410A4F01-7075-455F-A19A-E9AA04A6A5DE}
		{5FB36957-EC7F-4B63-AF41-692596CC6F37} = {410A4F01-7075-455F-A19A-E9AA04A6A5DE}
	EndGlobalSection
	GlobalSection(ExtensibilityGlobals) = postSolution
		SolutionGuid = {B914F7DC-6C4B-4468-89BF-886BE2EB9E84}
	EndGlobalSection
EndGlobal
